
Microsoft Visual Studio Solution File, Format Version 12.00
# Visual Studio Version 17
VisualStudioVersion = 17.11.35222.181
MinimumVisualStudioVersion = 10.0.40219.1
Project("{FAE04EC0-301F-11D3-BF4B-00C04F79EFBC}") = "asp01", "asp01\asp01.csproj", "{1647B2AC-1FE6-4E7B-ABBC-EC744F724994}"
EndProject
Global
	GlobalSection(SolutionConfigurationPlatforms) = preSolution
		Debug|Any CPU = Debug|Any CPU
		Release|Any CPU = Release|Any CPU
	EndGlobalSection
	GlobalSection(ProjectConfigurationPlatforms) = postSolution
		{1647B2AC-1FE6-4E7B-ABBC-EC744F724994}.Debug|Any CPU.ActiveCfg = Debug|Any CPU
		{1647B2AC-1FE6-4E7B-ABBC-EC744F724994}.Debug|Any CPU.Build.0 = Debug|Any CPU
		{1647B2AC-1FE6-4E7B-ABBC-EC744F724994}.Release|Any CPU.ActiveCfg = Release|Any CPU
		{1647B2AC-1FE6-4E7B-ABBC-EC744F724994}.Release|Any CPU.Build.0 = Release|Any CPU
	EndGlobalSection
	GlobalSection(SolutionProperties) = preSolution
		HideSolutionNode = FALSE
	EndGlobalSection
	GlobalSection(ExtensibilityGlobals) = postSolution
		SolutionGuid = {33630023-D1B4-4FA0-891A-955FA6E78AC3}
	EndGlobalSection
EndGlobal
